<Solution>
  <Project Path="DatosBinario/Archivos.csproj" />
  <Project Path="DatosDecod/DatosDecod48.csproj" />
  <Project Path="DatosDecod21/DatosDecod21.csproj" />
  <Project Path="GUI_ASTERIX/GUI_ASTERIX.csproj" Id="1a604853-f399-49f8-869a-505a6c14e0be" />
  <Project Path="PruebasDeFunciones/PruebasDeFunciones.csproj" />
  <Project Path="Simulacion/Simulacion.csproj" Id="43405922-5b29-4801-bbf6-3ba61076a1c8" />
</Solution>
